<?xml version="1.0" encoding="utf-8"?>
<Project ToolsVersion="4.0" xmlns="http://schemas.microsoft.com/developer/msbuild/2003">
  <ItemGroup>
    <Filter Include="Source Files">
      <UniqueIdentifier>{313f46e1-92fd-499d-8417-2232a0dac0ee}</UniqueIdentifier>
      <Extensions>cpp;c;cxx;rc;def;r;odl;hpj;bat;for;f90</Extensions>
    </Filter>
    <Filter Include="Source Files\Gamespy">
      <UniqueIdentifier>{18260c62-44fc-42be-be06-ff0562cfd84b}</UniqueIdentifier>
    </Filter>
    <Filter Include="Source Files\GL">
      <UniqueIdentifier>{9114d9d2-5125-43c0-a32b-b58cd45ce2e3}</UniqueIdentifier>
    </Filter>
    <Filter Include="Source Files\DOS">
      <UniqueIdentifier>{b71a644a-5d98-4313-a562-be8520b7530d}</UniqueIdentifier>
    </Filter>
    <Filter Include="Header Files">
      <UniqueIdentifier>{388c91f7-cda1-4bdb-852d-bfbd29174e7e}</UniqueIdentifier>
      <Extensions>h;hpp;hxx;hm;inl;fi;fd</Extensions>
    </Filter>
    <Filter Include="Resource Files">
      <UniqueIdentifier>{2d2fb2c0-45f4-4ac2-b0b8-5752b1e46f61}</UniqueIdentifier>
      <Extensions>ico;cur;bmp;dlg;rc2;rct;bin;cnt;rtf;gif;jpg;jpeg;jpe</Extensions>
    </Filter>
    <Filter Include="Source Files\Software">
      <UniqueIdentifier>{bf11bb7e-6e0c-46f2-96f1-e79f1e55b426}</UniqueIdentifier>
    </Filter>
  </ItemGroup>
  <ItemGroup>
    <ClCompile Include="..\common\cd_win.c">
      <Filter>Source Files</Filter>
    </ClCompile>
    <ClCompile Include="chase.c">
      <Filter>Source Files</Filter>
    </ClCompile>
    <ClCompile Include="cl_demo.c">
      <Filter>Source Files</Filter>
    </ClCompile>
    <ClCompile Include="cl_main.c">
      <Filter>Source Files</Filter>
    </ClCompile>
    <ClCompile Include="cl_parse.c">
      <Filter>Source Files</Filter>
    </ClCompile>
    <ClCompile Include="..\common\cl_tent.c">
      <Filter>Source Files</Filter>
    </ClCompile>
    <ClCompile Include="..\common\cmd_auto.c">
      <Filter>Source Files</Filter>
    </ClCompile>
    <ClCompile Include="conproc.c">
      <Filter>Source Files</Filter>
    </ClCompile>
    <ClCompile Include="..\common\console.c">
      <Filter>Source Files</Filter>
    </ClCompile>
    <ClCompile Include="..\common\crc.c">
      <Filter>Source Files</Filter>
    </ClCompile>
    <ClCompile Include="..\common\cvar.c">
      <Filter>Source Files</Filter>
    </ClCompile>
    <ClCompile Include="host.c">
      <Filter>Source Files</Filter>
    </ClCompile>
    <ClCompile Include="host_cmd.c">
      <Filter>Source Files</Filter>
    </ClCompile>
    <ClCompile Include="..\common\in_win.c">
      <Filter>Source Files</Filter>
    </ClCompile>
    <ClCompile Include="..\common\keys.c">
      <Filter>Source Files</Filter>
    </ClCompile>
    <ClCompile Include="..\common\mathlib.c">
      <Filter>Source Files</Filter>
    </ClCompile>
    <ClCompile Include="menu.c">
      <Filter>Source Files</Filter>
    </ClCompile>
    <ClCompile Include="net_dgrm.c">
      <Filter>Source Files</Filter>
    </ClCompile>
    <ClCompile Include="net_loop.c">
      <Filter>Source Files</Filter>
    </ClCompile>
    <ClCompile Include="net_main.c">
      <Filter>Source Files</Filter>
    </ClCompile>
    <ClCompile Include="net_win.c">
      <Filter>Source Files</Filter>
    </ClCompile>
    <ClCompile Include="net_wins.c">
      <Filter>Source Files</Filter>
    </ClCompile>
    <ClCompile Include="net_wipx.c">
      <Filter>Source Files</Filter>
    </ClCompile>
    <ClCompile Include="..\common\nonintel.c">
      <Filter>Source Files</Filter>
    </ClCompile>
    <ClCompile Include="pr_cmds.c">
      <Filter>Source Files</Filter>
    </ClCompile>
    <ClCompile Include="pr_edict.c">
      <Filter>Source Files</Filter>
    </ClCompile>
    <ClCompile Include="pr_exec.c">
      <Filter>Source Files</Filter>
    </ClCompile>
    <ClCompile Include="..\common\q_shwin.c">
      <Filter>Source Files</Filter>
    </ClCompile>
    <ClCompile Include="sbar.c">
      <Filter>Source Files</Filter>
    </ClCompile>
    <ClCompile Include="..\common\snd_dma.c">
      <Filter>Source Files</Filter>
    </ClCompile>
    <ClCompile Include="..\common\snd_mem.c">
      <Filter>Source Files</Filter>
    </ClCompile>
    <ClCompile Include="..\common\snd_mix.c">
      <Filter>Source Files</Filter>
    </ClCompile>
    <ClCompile Include="..\common\snd_strm.c">
      <Filter>Source Files</Filter>
    </ClCompile>
    <ClCompile Include="..\common\snd_win.c">
      <Filter>Source Files</Filter>
    </ClCompile>
    <ClCompile Include="sv_main.c">
      <Filter>Source Files</Filter>
    </ClCompile>
    <ClCompile Include="sv_move.c">
      <Filter>Source Files</Filter>
    </ClCompile>
    <ClCompile Include="sv_phys.c">
      <Filter>Source Files</Filter>
    </ClCompile>
    <ClCompile Include="sv_user.c">
      <Filter>Source Files</Filter>
    </ClCompile>
    <ClCompile Include="..\common\sys_win.c">
      <Filter>Source Files</Filter>
    </ClCompile>
    <ClCompile Include="view.c">
      <Filter>Source Files</Filter>
    </ClCompile>
    <ClCompile Include="..\common\wad.c">
      <Filter>Source Files</Filter>
    </ClCompile>
    <ClCompile Include="world.c">
      <Filter>Source Files</Filter>
    </ClCompile>
    <ClCompile Include="..\common\zone.c">
      <Filter>Source Files</Filter>
    </ClCompile>
    <ClCompile Include="..\common\Goa\CEngine\darray.c">
      <Filter>Source Files\Gamespy</Filter>
    </ClCompile>
    <ClCompile Include="..\common\Goa\SDK\goautil.c">
      <Filter>Source Files\Gamespy</Filter>
    </ClCompile>
    <ClCompile Include="..\common\Goa\CEngine\gserver.c">
      <Filter>Source Files\Gamespy</Filter>
    </ClCompile>
    <ClCompile Include="..\common\Goa\CEngine\gserverlist.c">
      <Filter>Source Files\Gamespy</Filter>
    </ClCompile>
    <ClCompile Include="..\common\Goa\CEngine\hashtable.c">
      <Filter>Source Files\Gamespy</Filter>
    </ClCompile>
    <ClCompile Include="..\common\Goa\nonport.c">
      <Filter>Source Files\Gamespy</Filter>
    </ClCompile>
    <ClCompile Include="..\common\gl_draw.c">
      <Filter>Source Files\GL</Filter>
    </ClCompile>
    <ClCompile Include="..\common\gl_mesh.c">
      <Filter>Source Files\GL</Filter>
    </ClCompile>
    <ClCompile Include="..\common\gl_refrag.c">
      <Filter>Source Files\GL</Filter>
    </ClCompile>
    <ClCompile Include="..\common\gl_rlight.c">
      <Filter>Source Files\GL</Filter>
    </ClCompile>
    <ClCompile Include="..\common\gl_rmain.c">
      <Filter>Source Files\GL</Filter>
    </ClCompile>
    <ClCompile Include="..\common\gl_rmisc.c">
      <Filter>Source Files\GL</Filter>
    </ClCompile>
    <ClCompile Include="..\common\gl_rsurf.c">
      <Filter>Source Files\GL</Filter>
    </ClCompile>
    <ClCompile Include="..\common\gl_test.c">
      <Filter>Source Files\GL</Filter>
    </ClCompile>
    <ClCompile Include="..\common\gl_vidnt.c">
      <Filter>Source Files\GL</Filter>
    </ClCompile>
    <ClCompile Include="..\common\gl_warp.c">
      <Filter>Source Files\GL</Filter>
    </ClCompile>
    <ClCompile Include="..\common\dos_dmesa.c">
      <Filter>Source Files\DOS</Filter>
    </ClCompile>
    <ClCompile Include="..\common\dos_fxmesa.c">
      <Filter>Source Files\DOS</Filter>
    </ClCompile>
    <ClCompile Include="..\common\dos_sage.c">
      <Filter>Source Files\DOS</Filter>
    </ClCompile>
    <ClCompile Include="..\common\dos_v2.c">
      <Filter>Source Files\DOS</Filter>
    </ClCompile>
    <ClCompile Include="..\common\dxe.c">
      <Filter>Source Files\DOS</Filter>
    </ClCompile>
    <ClCompile Include="..\common\fx_gamma.c">
      <Filter>Source Files\DOS</Filter>
    </ClCompile>
    <ClCompile Include="..\common\gl_viddos.c">
      <Filter>Source Files\DOS</Filter>
    </ClCompile>
    <ClCompile Include="net_comx.c">
      <Filter>Source Files\DOS</Filter>
    </ClCompile>
    <ClCompile Include="..\common\no_dxe.c">
      <Filter>Source Files\DOS</Filter>
    </ClCompile>
    <ClCompile Include="..\common\q_shdos.c">
      <Filter>Source Files\DOS</Filter>
    </ClCompile>
    <ClCompile Include="..\common\snd_dos.c">
      <Filter>Source Files\DOS</Filter>
    </ClCompile>
    <ClCompile Include="..\common\snd_gus.c">
      <Filter>Source Files\DOS</Filter>
    </ClCompile>
    <ClCompile Include="..\common\snd_pci.c">
      <Filter>Source Files\DOS</Filter>
    </ClCompile>
    <ClCompile Include="..\common\snd_sb.c">
      <Filter>Source Files\DOS</Filter>
    </ClCompile>
    <ClCompile Include="..\common\sys_dos.c">
      <Filter>Source Files\DOS</Filter>
    </ClCompile>
    <ClCompile Include="..\common\vid_dos.c">
      <Filter>Source Files\DOS</Filter>
    </ClCompile>
    <ClCompile Include="..\common\vid_ext.c">
      <Filter>Source Files\DOS</Filter>
    </ClCompile>
    <ClCompile Include="..\common\vid_vga.c">
      <Filter>Source Files\DOS</Filter>
    </ClCompile>
    <ClCompile Include="..\common\vregset.c">
      <Filter>Source Files\DOS</Filter>
    </ClCompile>
    <ClCompile Include="net_udp.c">
      <Filter>Source Files\DOS</Filter>
    </ClCompile>
    <ClCompile Include="..\common\cd_audio.c">
      <Filter>Source Files\DOS</Filter>
    </ClCompile>
    <ClCompile Include="..\common\in_dos.c">
      <Filter>Source Files\DOS</Filter>
    </ClCompile>
    <ClCompile Include="net_ipx.c">
      <Filter>Source Files\DOS</Filter>
    </ClCompile>
    <ClCompile Include="net_ser.c">
      <Filter>Source Files\DOS</Filter>
    </ClCompile>
    <ClCompile Include="net_dos.c">
      <Filter>Source Files\DOS</Filter>
    </ClCompile>
    <ClCompile Include="..\common\d_edge.c">
      <Filter>Source Files\Software</Filter>
    </ClCompile>
    <ClCompile Include="..\common\d_fill.c">
      <Filter>Source Files\Software</Filter>
    </ClCompile>
    <ClCompile Include="..\common\d_init.c">
      <Filter>Source Files\Software</Filter>
    </ClCompile>
    <ClCompile Include="..\common\d_modech.c">
      <Filter>Source Files\Software</Filter>
    </ClCompile>
    <ClCompile Include="..\common\d_part.c">
      <Filter>Source Files\Software</Filter>
    </ClCompile>
    <ClCompile Include="..\common\d_polyse.c">
      <Filter>Source Files\Software</Filter>
    </ClCompile>
    <ClCompile Include="..\common\d_scan.c">
      <Filter>Source Files\Software</Filter>
    </ClCompile>
    <ClCompile Include="..\common\d_sky.c">
      <Filter>Source Files\Software</Filter>
    </ClCompile>
    <ClCompile Include="..\common\d_sprite.c">
      <Filter>Source Files\Software</Filter>
    </ClCompile>
    <ClCompile Include="..\common\d_surf.c">
      <Filter>Source Files\Software</Filter>
    </ClCompile>
    <ClCompile Include="..\common\d_vars.c">
      <Filter>Source Files\Software</Filter>
    </ClCompile>
    <ClCompile Include="..\common\d_zpoint.c">
      <Filter>Source Files\Software</Filter>
    </ClCompile>
    <ClCompile Include="..\common\draw.c">
      <Filter>Source Files\Software</Filter>
    </ClCompile>
    <ClCompile Include="..\common\r_aclip.c">
      <Filter>Source Files\Software</Filter>
    </ClCompile>
    <ClCompile Include="..\common\r_alias.c">
      <Filter>Source Files\Software</Filter>
    </ClCompile>
    <ClCompile Include="..\common\r_bsp.c">
      <Filter>Source Files\Software</Filter>
    </ClCompile>
    <ClCompile Include="..\common\r_draw.c">
      <Filter>Source Files\Software</Filter>
    </ClCompile>
    <ClCompile Include="..\common\r_edge.c">
      <Filter>Source Files\Software</Filter>
    </ClCompile>
    <ClCompile Include="..\common\r_efrag.c">
      <Filter>Source Files\Software</Filter>
    </ClCompile>
    <ClCompile Include="..\common\r_light.c">
      <Filter>Source Files\Software</Filter>
    </ClCompile>
    <ClCompile Include="..\common\r_sky.c">
      <Filter>Source Files\Software</Filter>
    </ClCompile>
    <ClCompile Include="..\common\r_sprite.c">
      <Filter>Source Files\Software</Filter>
    </ClCompile>
    <ClCompile Include="..\common\r_surf.c">
      <Filter>Source Files\Software</Filter>
    </ClCompile>
    <ClCompile Include="..\common\r_vars.c">
      <Filter>Source Files\Software</Filter>
    </ClCompile>
    <ClCompile Include="..\common\vid_win.c">
      <Filter>Source Files\Software</Filter>
    </ClCompile>
    <ClCompile Include="..\common\snd_ogg.c">
      <Filter>Source Files</Filter>
    </ClCompile>
    <ClCompile Include="..\common\model.c">
      <Filter>Source Files\Software</Filter>
    </ClCompile>
    <ClCompile Include="..\common\gl_model.c">
      <Filter>Source Files\GL</Filter>
    </ClCompile>
    <ClCompile Include="..\common\cl_input.c">
      <Filter>Source Files</Filter>
    </ClCompile>
    <ClCompile Include="..\common\common.c">
      <Filter>Source Files</Filter>
    </ClCompile>
    <ClCompile Include="..\common\gl_screen.c">
      <Filter>Source Files\GL</Filter>
    </ClCompile>
    <ClCompile Include="..\common\r_screen.c">
      <Filter>Source Files\Software</Filter>
    </ClCompile>
    <ClCompile Include="..\common\r_misc.c">
      <Filter>Source Files\Software</Filter>
    </ClCompile>
    <ClCompile Include="..\common\r_main.c">
      <Filter>Source Files\Software</Filter>
    </ClCompile>
    <ClCompile Include="..\common\r_part.c">
      <Filter>Source Files</Filter>
    </ClCompile>
    <ClCompile Include="..\common\cmd.c">
      <Filter>Source Files</Filter>
    </ClCompile>
  </ItemGroup>
  <ItemGroup>
    <None Include="quake.ico">
      <Filter>Resource Files</Filter>
    </None>
    <None Include="progdefs.q1" />
    <None Include="progdefs.q2" />
    <None Include="README.QD" />
  </ItemGroup>
  <ItemGroup>
    <ResourceCompile Include="winquake.rc">
      <Filter>Source Files</Filter>
    </ResourceCompile>
  </ItemGroup>
  <ItemGroup>
    <ClInclude Include="..\common\Goa\CEngine\darray.h">
      <Filter>Source Files\Gamespy</Filter>
    </ClInclude>
    <ClInclude Include="..\common\Goa\CEngine\goaceng.h">
      <Filter>Source Files\Gamespy</Filter>
    </ClInclude>
    <ClInclude Include="..\common\Goa\SDK\goautil.h">
      <Filter>Source Files\Gamespy</Filter>
    </ClInclude>
    <ClInclude Include="..\common\Goa\CEngine\gserver.h">
      <Filter>Source Files\Gamespy</Filter>
    </ClInclude>
    <ClInclude Include="..\common\Goa\CEngine\gutil.h">
      <Filter>Source Files\Gamespy</Filter>
    </ClInclude>
    <ClInclude Include="..\common\Goa\CEngine\hashtable.h">
      <Filter>Source Files\Gamespy</Filter>
    </ClInclude>
    <ClInclude Include="..\common\Goa\nonport.h">
      <Filter>Source Files\Gamespy</Filter>
    </ClInclude>
    <ClInclude Include="..\common\anorm_dots.h">
      <Filter>Header Files</Filter>
    </ClInclude>
    <ClInclude Include="..\common\anorms.h">
      <Filter>Header Files</Filter>
    </ClInclude>
    <ClInclude Include="bspfile.h">
      <Filter>Header Files</Filter>
    </ClInclude>
    <ClInclude Include="..\common\cdaudio.h">
      <Filter>Header Files</Filter>
    </ClInclude>
    <ClInclude Include="client.h">
      <Filter>Header Files</Filter>
    </ClInclude>
    <ClInclude Include="cmd.h">
      <Filter>Header Files</Filter>
    </ClInclude>
    <ClInclude Include="common.h">
      <Filter>Header Files</Filter>
    </ClInclude>
    <ClInclude Include="conproc.h">
      <Filter>Header Files</Filter>
    </ClInclude>
    <ClInclude Include="..\common\console.h">
      <Filter>Header Files</Filter>
    </ClInclude>
    <ClInclude Include="..\common\crc.h">
      <Filter>Header Files</Filter>
    </ClInclude>
    <ClInclude Include="..\common\cvar.h">
      <Filter>Header Files</Filter>
    </ClInclude>
    <ClInclude Include="..\common\d_iface.h">
      <Filter>Header Files</Filter>
    </ClInclude>
    <ClInclude Include="..\common\dosisms.h">
      <Filter>Header Files</Filter>
    </ClInclude>
    <ClInclude Include="..\common\draw.h">
      <Filter>Header Files</Filter>
    </ClInclude>
    <ClInclude Include="..\common\dstring.h">
      <Filter>Header Files</Filter>
    </ClInclude>
    <ClInclude Include="..\common\gl_func.h">
      <Filter>Header Files</Filter>
    </ClInclude>
    <ClInclude Include="..\common\input.h">
      <Filter>Header Files</Filter>
    </ClInclude>
    <ClInclude Include="..\common\keys.h">
      <Filter>Header Files</Filter>
    </ClInclude>
    <ClInclude Include="..\common\mathlib.h">
      <Filter>Header Files</Filter>
    </ClInclude>
    <ClInclude Include="menu.h">
      <Filter>Header Files</Filter>
    </ClInclude>
    <ClInclude Include="model.h">
      <Filter>Header Files</Filter>
    </ClInclude>
    <ClInclude Include="..\common\modelgen.h">
      <Filter>Header Files</Filter>
    </ClInclude>
    <ClInclude Include="net.h">
      <Filter>Header Files</Filter>
    </ClInclude>
    <ClInclude Include="net_dgrm.h">
      <Filter>Header Files</Filter>
    </ClInclude>
    <ClInclude Include="net_loop.h">
      <Filter>Header Files</Filter>
    </ClInclude>
    <ClInclude Include="net_ser.h">
      <Filter>Header Files</Filter>
    </ClInclude>
    <ClInclude Include="net_wins.h">
      <Filter>Header Files</Filter>
    </ClInclude>
    <ClInclude Include="net_wipx.h">
      <Filter>Header Files</Filter>
    </ClInclude>
    <ClInclude Include="pr_comp.h">
      <Filter>Header Files</Filter>
    </ClInclude>
    <ClInclude Include="progdefs.h">
      <Filter>Header Files</Filter>
    </ClInclude>
    <ClInclude Include="progs.h">
      <Filter>Header Files</Filter>
    </ClInclude>
    <ClInclude Include="protocol.h">
      <Filter>Header Files</Filter>
    </ClInclude>
    <ClInclude Include="quakedef.h">
      <Filter>Header Files</Filter>
    </ClInclude>
    <ClInclude Include="..\common\r_local.h">
      <Filter>Header Files</Filter>
    </ClInclude>
    <ClInclude Include="..\common\r_shared.h">
      <Filter>Header Files</Filter>
    </ClInclude>
    <ClInclude Include="render.h">
      <Filter>Header Files</Filter>
    </ClInclude>
    <ClInclude Include="sbar.h">
      <Filter>Header Files</Filter>
    </ClInclude>
    <ClInclude Include="..\common\screen.h">
      <Filter>Header Files</Filter>
    </ClInclude>
    <ClInclude Include="server.h">
      <Filter>Header Files</Filter>
    </ClInclude>
    <ClInclude Include="..\common\snd_ogg.h">
      <Filter>Header Files</Filter>
    </ClInclude>
    <ClInclude Include="..\common\sound.h">
      <Filter>Header Files</Filter>
    </ClInclude>
    <ClInclude Include="..\common\spritegn.h">
      <Filter>Header Files</Filter>
    </ClInclude>
    <ClInclude Include="..\common\sys.h">
      <Filter>Header Files</Filter>
    </ClInclude>
    <ClInclude Include="vid.h">
      <Filter>Header Files</Filter>
    </ClInclude>
    <ClInclude Include="..\common\view.h">
      <Filter>Header Files</Filter>
    </ClInclude>
    <ClInclude Include="..\common\wad.h">
      <Filter>Header Files</Filter>
    </ClInclude>
    <ClInclude Include="..\common\winquake.h">
      <Filter>Header Files</Filter>
    </ClInclude>
    <ClInclude Include="world.h">
      <Filter>Header Files</Filter>
    </ClInclude>
    <ClInclude Include="..\common\zone.h">
      <Filter>Header Files</Filter>
    </ClInclude>
  </ItemGroup>
  <ItemGroup>
    <Library Include="..\common\win32\libogg.lib" />
    <Library Include="..\common\win32\libvorbis.lib" />
  </ItemGroup>
  <ItemGroup>
    <CustomBuild Include="..\common\fx_gamma.h">
      <Filter>Source Files\DOS</Filter>
    </CustomBuild>
    <CustomBuild Include="..\common\gl_dos.h">
      <Filter>Source Files\DOS</Filter>
    </CustomBuild>
    <CustomBuild Include="..\common\sys_dxe.h">
      <Filter>Source Files\DOS</Filter>
    </CustomBuild>
    <CustomBuild Include="..\common\vid_dos.h">
      <Filter>Source Files\DOS</Filter>
    </CustomBuild>
    <CustomBuild Include="..\common\vregset.h">
      <Filter>Source Files\DOS</Filter>
    </CustomBuild>
    <CustomBuild Include="gl_model.h">
      <Filter>Header Files</Filter>
    </CustomBuild>
    <CustomBuild Include="..\common\gl_warp_sin.h">
      <Filter>Header Files</Filter>
    </CustomBuild>
    <CustomBuild Include="..\common\glquake.h">
      <Filter>Header Files</Filter>
    </CustomBuild>
  </ItemGroup>
</Project>